
Microsoft Visual Studio Solution File, Format Version 12.00
# Visual Studio Version 17
VisualStudioVersion = 17.7.34024.191
MinimumVisualStudioVersion = 10.0.40219.1
Project("{FAE04EC0-301F-11D3-BF4B-00C04F79EFBC}") = "InterfaceExample", "InterfaceExample.csproj", "{18DDF878-D9C7-4686-834C-0B8F8FB1C328}"
EndProject
Global
	GlobalSection(SolutionConfigurationPlatforms) = preSolution
		Debug|Any CPU = Debug|Any CPU
		Release|Any CPU = Release|Any CPU
	EndGlobalSection
	GlobalSection(ProjectConfigurationPlatforms) = postSolution
		{18DDF878-D9C7-4686-834C-0B8F8FB1C328}.Debug|Any CPU.ActiveCfg = Debug|Any CPU
		{18DDF878-D9C7-4686-834C-0B8F8FB1C328}.Debug|Any CPU.Build.0 = Debug|Any CPU
		{18DDF878-D9C7-4686-834C-0B8F8FB1C328}.Release|Any CPU.ActiveCfg = Release|Any CPU
		{18DDF878-D9C7-4686-834C-0B8F8FB1C328}.Release|Any CPU.Build.0 = Release|Any CPU
	EndGlobalSection
	GlobalSection(SolutionProperties) = preSolution
		HideSolutionNode = FALSE
	EndGlobalSection
	GlobalSection(ExtensibilityGlobals) = postSolution
		SolutionGuid = {CB79D121-6D74-4009-B5C3-B129D837A462}
	EndGlobalSection
EndGlobal
